{
  "name": "rishifishyy-portfolio-activity",
  "lockfileVersion": 3,
  "requires": true,
  "packages": {
    "": {
      "name": "rishifishyy-portfolio-activity",
      "devDependencies": {
        "@netlify/functions": "^6.0.1"
      }
    },
    "node_modules/@netlify/functions": {
      "version": "6.0.1",
      "resolved": "https://registry.npmjs.org/@netlify/functions/-/functions-6.0.1.tgz",
      "integrity": "sha512-QapLxXrSBxy+boLOAYUt7R47P5Zyn2XDMe16AaUHJILzAwTbAQIWy20ynXoLuh11JrsqX02qaKaj0/ppou3E/g==",
      "dev": true,
      "license": "MIT",
      "dependencies": {
        "@netlify/types": "3.1.0"
      },
      "engines": {
        "node": ">=22.12.0"
      }
    },
    "node_modules/@netlify/types": {
      "version": "3.1.0",
      "resolved": "https://registry.npmjs.org/@netlify/types/-/types-3.1.0.tgz",
      "integrity": "sha512-yuVTxsVcKZFzrsXh5aFoHtdi/2aj1RAOJCQteg6TfXgwLx0rR941QNev5eeuBP8eieBXfyfD/loeKOH4OFLJ7w==",
      "dev": true,
      "license": "MIT",
      "engines": {
        "node": ">=22.12.0"
      }
    }
  }
}
